
Microsoft Visual Studio Solution File, Format Version 12.00
# Visual Studio 2012
Project("{FAE04EC0-301F-11D3-BF4B-00C04F79EFBC}") = "Info", "Info\Info.csproj", "{606BAC3F-F5A2-46A9-AFFB-EDF7231850FD}"
EndProject
Project("{FAE04EC0-301F-11D3-BF4B-00C04F79EFBC}") = "TestModule", "TestModule\TestModule.csproj", "{09082961-1494-4A68-9BD2-90454F41E0C5}"
EndProject
Project("{FAE04EC0-301F-11D3-BF4B-00C04F79EFBC}") = "Print", "Print\Print.csproj", "{0316D0F1-EF56-41DE-A501-68DC0DFF8E5E}"
EndProject
Project("{FAE04EC0-301F-11D3-BF4B-00C04F79EFBC}") = "TestServer", "TestServer\TestServer.csproj", "{CAFD0C47-ADF9-43F6-BCA5-8FF093B98386}"
EndProject
Project("{2150E333-8FDC-42A3-9474-1A3956D46DE8}") = "Solution Items", "Solution Items", "{42ADB526-636D-444A-9947-3060A6062D69}"
	ProjectSection(SolutionItems) = preProject
		CommonAssemblyInfo.cs = CommonAssemblyInfo.cs
		README.md = README.md
	EndProjectSection
EndProject
Project("{FAE04EC0-301F-11D3-BF4B-00C04F79EFBC}") = "Fix", "Fix\Fix.csproj", "{AE24B4A3-30AE-4479-BB37-A37BB65BFBC0}"
EndProject
Project("{FAE04EC0-301F-11D3-BF4B-00C04F79EFBC}") = "FixUp", "FixConsole\FixUp.csproj", "{B7F7506F-0292-464F-95F6-2AD47865C79E}"
EndProject
Project("{FAE04EC0-301F-11D3-BF4B-00C04F79EFBC}") = "OwinHelpers", "OwinHelpers\OwinHelpers.csproj", "{92C89FAF-D1F0-4E9E-B2C6-49D7587E01B3}"
EndProject
Project("{FAE04EC0-301F-11D3-BF4B-00C04F79EFBC}") = "FileHandler", "FileHandler\FileHandler.csproj", "{88EEAA81-6680-4EAD-B66B-D14667EA3236}"
EndProject
Project("{FAE04EC0-301F-11D3-BF4B-00C04F79EFBC}") = "FixAsp", "FixAsp\FixAsp.csproj", "{34AA28DF-087C-46DA-9E62-652EB36789AA}"
EndProject
Project("{FAE04EC0-301F-11D3-BF4B-00C04F79EFBC}") = "Fix.AspNet", "Fix.AspNet\Fix.AspNet.csproj", "{CCAC0A87-18F1-4DB9-BF12-9185A81917CD}"
EndProject
Global
	GlobalSection(SolutionConfigurationPlatforms) = preSolution
		Debug|Any CPU = Debug|Any CPU
		Debug|Mixed Platforms = Debug|Mixed Platforms
		Debug|x86 = Debug|x86
		Release|Any CPU = Release|Any CPU
		Release|Mixed Platforms = Release|Mixed Platforms
		Release|x86 = Release|x86
	EndGlobalSection
	GlobalSection(ProjectConfigurationPlatforms) = postSolution
		{606BAC3F-F5A2-46A9-AFFB-EDF7231850FD}.Debug|Any CPU.ActiveCfg = Debug|Any CPU
		{606BAC3F-F5A2-46A9-AFFB-EDF7231850FD}.Debug|Any CPU.Build.0 = Debug|Any CPU
		{606BAC3F-F5A2-46A9-AFFB-EDF7231850FD}.Debug|Mixed Platforms.ActiveCfg = Debug|Any CPU
		{606BAC3F-F5A2-46A9-AFFB-EDF7231850FD}.Debug|Mixed Platforms.Build.0 = Debug|Any CPU
		{606BAC3F-F5A2-46A9-AFFB-EDF7231850FD}.Debug|x86.ActiveCfg = Debug|Any CPU
		{606BAC3F-F5A2-46A9-AFFB-EDF7231850FD}.Release|Any CPU.ActiveCfg = Release|Any CPU
		{606BAC3F-F5A2-46A9-AFFB-EDF7231850FD}.Release|Any CPU.Build.0 = Release|Any CPU
		{606BAC3F-F5A2-46A9-AFFB-EDF7231850FD}.Release|Mixed Platforms.ActiveCfg = Release|Any CPU
		{606BAC3F-F5A2-46A9-AFFB-EDF7231850FD}.Release|Mixed Platforms.Build.0 = Release|Any CPU
		{606BAC3F-F5A2-46A9-AFFB-EDF7231850FD}.Release|x86.ActiveCfg = Release|Any CPU
		{09082961-1494-4A68-9BD2-90454F41E0C5}.Debug|Any CPU.ActiveCfg = Debug|Any CPU
		{09082961-1494-4A68-9BD2-90454F41E0C5}.Debug|Any CPU.Build.0 = Debug|Any CPU
		{09082961-1494-4A68-9BD2-90454F41E0C5}.Debug|Mixed Platforms.ActiveCfg = Debug|Any CPU
		{09082961-1494-4A68-9BD2-90454F41E0C5}.Debug|Mixed Platforms.Build.0 = Debug|Any CPU
		{09082961-1494-4A68-9BD2-90454F41E0C5}.Debug|x86.ActiveCfg = Debug|Any CPU
		{09082961-1494-4A68-9BD2-90454F41E0C5}.Release|Any CPU.ActiveCfg = Release|Any CPU
		{09082961-1494-4A68-9BD2-90454F41E0C5}.Release|Any CPU.Build.0 = Release|Any CPU
		{09082961-1494-4A68-9BD2-90454F41E0C5}.Release|Mixed Platforms.ActiveCfg = Release|Any CPU
		{09082961-1494-4A68-9BD2-90454F41E0C5}.Release|Mixed Platforms.Build.0 = Release|Any CPU
		{09082961-1494-4A68-9BD2-90454F41E0C5}.Release|x86.ActiveCfg = Release|Any CPU
		{0316D0F1-EF56-41DE-A501-68DC0DFF8E5E}.Debug|Any CPU.ActiveCfg = Debug|Any CPU
		{0316D0F1-EF56-41DE-A501-68DC0DFF8E5E}.Debug|Any CPU.Build.0 = Debug|Any CPU
		{0316D0F1-EF56-41DE-A501-68DC0DFF8E5E}.Debug|Mixed Platforms.ActiveCfg = Debug|Any CPU
		{0316D0F1-EF56-41DE-A501-68DC0DFF8E5E}.Debug|Mixed Platforms.Build.0 = Debug|Any CPU
		{0316D0F1-EF56-41DE-A501-68DC0DFF8E5E}.Debug|x86.ActiveCfg = Debug|Any CPU
		{0316D0F1-EF56-41DE-A501-68DC0DFF8E5E}.Release|Any CPU.ActiveCfg = Release|Any CPU
		{0316D0F1-EF56-41DE-A501-68DC0DFF8E5E}.Release|Any CPU.Build.0 = Release|Any CPU
		{0316D0F1-EF56-41DE-A501-68DC0DFF8E5E}.Release|Mixed Platforms.ActiveCfg = Release|Any CPU
		{0316D0F1-EF56-41DE-A501-68DC0DFF8E5E}.Release|Mixed Platforms.Build.0 = Release|Any CPU
		{0316D0F1-EF56-41DE-A501-68DC0DFF8E5E}.Release|x86.ActiveCfg = Release|Any CPU
		{CAFD0C47-ADF9-43F6-BCA5-8FF093B98386}.Debug|Any CPU.ActiveCfg = Debug|Any CPU
		{CAFD0C47-ADF9-43F6-BCA5-8FF093B98386}.Debug|Any CPU.Build.0 = Debug|Any CPU
		{CAFD0C47-ADF9-43F6-BCA5-8FF093B98386}.Debug|Mixed Platforms.ActiveCfg = Debug|Any CPU
		{CAFD0C47-ADF9-43F6-BCA5-8FF093B98386}.Debug|Mixed Platforms.Build.0 = Debug|Any CPU
		{CAFD0C47-ADF9-43F6-BCA5-8FF093B98386}.Debug|x86.ActiveCfg = Debug|Any CPU
		{CAFD0C47-ADF9-43F6-BCA5-8FF093B98386}.Release|Any CPU.ActiveCfg = Release|Any CPU
		{CAFD0C47-ADF9-43F6-BCA5-8FF093B98386}.Release|Any CPU.Build.0 = Release|Any CPU
		{CAFD0C47-ADF9-43F6-BCA5-8FF093B98386}.Release|Mixed Platforms.ActiveCfg = Release|Any CPU
		{CAFD0C47-ADF9-43F6-BCA5-8FF093B98386}.Release|Mixed Platforms.Build.0 = Release|Any CPU
		{CAFD0C47-ADF9-43F6-BCA5-8FF093B98386}.Release|x86.ActiveCfg = Release|Any CPU
		{AE24B4A3-30AE-4479-BB37-A37BB65BFBC0}.Debug|Any CPU.ActiveCfg = Debug|Any CPU
		{AE24B4A3-30AE-4479-BB37-A37BB65BFBC0}.Debug|Any CPU.Build.0 = Debug|Any CPU
		{AE24B4A3-30AE-4479-BB37-A37BB65BFBC0}.Debug|Mixed Platforms.ActiveCfg = Debug|Any CPU
		{AE24B4A3-30AE-4479-BB37-A37BB65BFBC0}.Debug|Mixed Platforms.Build.0 = Debug|Any CPU
		{AE24B4A3-30AE-4479-BB37-A37BB65BFBC0}.Debug|x86.ActiveCfg = Debug|Any CPU
		{AE24B4A3-30AE-4479-BB37-A37BB65BFBC0}.Release|Any CPU.ActiveCfg = Release|Any CPU
		{AE24B4A3-30AE-4479-BB37-A37BB65BFBC0}.Release|Any CPU.Build.0 = Release|Any CPU
		{AE24B4A3-30AE-4479-BB37-A37BB65BFBC0}.Release|Mixed Platforms.ActiveCfg = Release|Any CPU
		{AE24B4A3-30AE-4479-BB37-A37BB65BFBC0}.Release|Mixed Platforms.Build.0 = Release|Any CPU
		{AE24B4A3-30AE-4479-BB37-A37BB65BFBC0}.Release|x86.ActiveCfg = Release|Any CPU
		{B7F7506F-0292-464F-95F6-2AD47865C79E}.Debug|Any CPU.ActiveCfg = Debug|x86
		{B7F7506F-0292-464F-95F6-2AD47865C79E}.Debug|Mixed Platforms.ActiveCfg = Debug|x86
		{B7F7506F-0292-464F-95F6-2AD47865C79E}.Debug|Mixed Platforms.Build.0 = Debug|x86
		{B7F7506F-0292-464F-95F6-2AD47865C79E}.Debug|x86.ActiveCfg = Debug|x86
		{B7F7506F-0292-464F-95F6-2AD47865C79E}.Debug|x86.Build.0 = Debug|x86
		{B7F7506F-0292-464F-95F6-2AD47865C79E}.Release|Any CPU.ActiveCfg = Release|x86
		{B7F7506F-0292-464F-95F6-2AD47865C79E}.Release|Mixed Platforms.ActiveCfg = Release|x86
		{B7F7506F-0292-464F-95F6-2AD47865C79E}.Release|Mixed Platforms.Build.0 = Release|x86
		{B7F7506F-0292-464F-95F6-2AD47865C79E}.Release|x86.ActiveCfg = Release|x86
		{B7F7506F-0292-464F-95F6-2AD47865C79E}.Release|x86.Build.0 = Release|x86
		{92C89FAF-D1F0-4E9E-B2C6-49D7587E01B3}.Debug|Any CPU.ActiveCfg = Debug|Any CPU
		{92C89FAF-D1F0-4E9E-B2C6-49D7587E01B3}.Debug|Any CPU.Build.0 = Debug|Any CPU
		{92C89FAF-D1F0-4E9E-B2C6-49D7587E01B3}.Debug|Mixed Platforms.ActiveCfg = Debug|Any CPU
		{92C89FAF-D1F0-4E9E-B2C6-49D7587E01B3}.Debug|Mixed Platforms.Build.0 = Debug|Any CPU
		{92C89FAF-D1F0-4E9E-B2C6-49D7587E01B3}.Debug|x86.ActiveCfg = Debug|Any CPU
		{92C89FAF-D1F0-4E9E-B2C6-49D7587E01B3}.Release|Any CPU.ActiveCfg = Release|Any CPU
		{92C89FAF-D1F0-4E9E-B2C6-49D7587E01B3}.Release|Any CPU.Build.0 = Release|Any CPU
		{92C89FAF-D1F0-4E9E-B2C6-49D7587E01B3}.Release|Mixed Platforms.ActiveCfg = Release|Any CPU
		{92C89FAF-D1F0-4E9E-B2C6-49D7587E01B3}.Release|Mixed Platforms.Build.0 = Release|Any CPU
		{92C89FAF-D1F0-4E9E-B2C6-49D7587E01B3}.Release|x86.ActiveCfg = Release|Any CPU
		{88EEAA81-6680-4EAD-B66B-D14667EA3236}.Debug|Any CPU.ActiveCfg = Debug|Any CPU
		{88EEAA81-6680-4EAD-B66B-D14667EA3236}.Debug|Any CPU.Build.0 = Debug|Any CPU
		{88EEAA81-6680-4EAD-B66B-D14667EA3236}.Debug|Mixed Platforms.ActiveCfg = Debug|Any CPU
		{88EEAA81-6680-4EAD-B66B-D14667EA3236}.Debug|Mixed Platforms.Build.0 = Debug|Any CPU
		{88EEAA81-6680-4EAD-B66B-D14667EA3236}.Debug|x86.ActiveCfg = Debug|Any CPU
		{88EEAA81-6680-4EAD-B66B-D14667EA3236}.Release|Any CPU.ActiveCfg = Release|Any CPU
		{88EEAA81-6680-4EAD-B66B-D14667EA3236}.Release|Any CPU.Build.0 = Release|Any CPU
		{88EEAA81-6680-4EAD-B66B-D14667EA3236}.Release|Mixed Platforms.ActiveCfg = Release|Any CPU
		{88EEAA81-6680-4EAD-B66B-D14667EA3236}.Release|Mixed Platforms.Build.0 = Release|Any CPU
		{88EEAA81-6680-4EAD-B66B-D14667EA3236}.Release|x86.ActiveCfg = Release|Any CPU
		{34AA28DF-087C-46DA-9E62-652EB36789AA}.Debug|Any CPU.ActiveCfg = Debug|Any CPU
		{34AA28DF-087C-46DA-9E62-652EB36789AA}.Debug|Any CPU.Build.0 = Debug|Any CPU
		{34AA28DF-087C-46DA-9E62-652EB36789AA}.Debug|Mixed Platforms.ActiveCfg = Debug|Any CPU
		{34AA28DF-087C-46DA-9E62-652EB36789AA}.Debug|Mixed Platforms.Build.0 = Debug|Any CPU
		{34AA28DF-087C-46DA-9E62-652EB36789AA}.Debug|x86.ActiveCfg = Debug|Any CPU
		{34AA28DF-087C-46DA-9E62-652EB36789AA}.Release|Any CPU.ActiveCfg = Release|Any CPU
		{34AA28DF-087C-46DA-9E62-652EB36789AA}.Release|Any CPU.Build.0 = Release|Any CPU
		{34AA28DF-087C-46DA-9E62-652EB36789AA}.Release|Mixed Platforms.ActiveCfg = Release|Any CPU
		{34AA28DF-087C-46DA-9E62-652EB36789AA}.Release|Mixed Platforms.Build.0 = Release|Any CPU
		{34AA28DF-087C-46DA-9E62-652EB36789AA}.Release|x86.ActiveCfg = Release|Any CPU
		{CCAC0A87-18F1-4DB9-BF12-9185A81917CD}.Debug|Any CPU.ActiveCfg = Debug|Any CPU
		{CCAC0A87-18F1-4DB9-BF12-9185A81917CD}.Debug|Any CPU.Build.0 = Debug|Any CPU
		{CCAC0A87-18F1-4DB9-BF12-9185A81917CD}.Debug|Mixed Platforms.ActiveCfg = Debug|Any CPU
		{CCAC0A87-18F1-4DB9-BF12-9185A81917CD}.Debug|Mixed Platforms.Build.0 = Debug|Any CPU
		{CCAC0A87-18F1-4DB9-BF12-9185A81917CD}.Debug|x86.ActiveCfg = Debug|Any CPU
		{CCAC0A87-18F1-4DB9-BF12-9185A81917CD}.Release|Any CPU.ActiveCfg = Release|Any CPU
		{CCAC0A87-18F1-4DB9-BF12-9185A81917CD}.Release|Any CPU.Build.0 = Release|Any CPU
		{CCAC0A87-18F1-4DB9-BF12-9185A81917CD}.Release|Mixed Platforms.ActiveCfg = Release|Any CPU
		{CCAC0A87-18F1-4DB9-BF12-9185A81917CD}.Release|Mixed Platforms.Build.0 = Release|Any CPU
		{CCAC0A87-18F1-4DB9-BF12-9185A81917CD}.Release|x86.ActiveCfg = Release|Any CPU
	EndGlobalSection
	GlobalSection(SolutionProperties) = preSolution
		HideSolutionNode = FALSE
	EndGlobalSection
EndGlobal
